// !$*UTF8*$!
{
	archiveVersion = 1;
	classes = {
	};
	objectVersion = 77;
	objects = {

/* Begin PBXBuildFile section */
		1054E6A02E3AC5E2006FBACF /* CalorieTrackerApp.swift in Sources */ = {isa = PBXBuildFile; fileRef = 1054E69F2E3AC5D5006FBACF /* CalorieTrackerApp.swift */; };
/* End PBXBuildFile section */

/* Begin PBXContainerItemProxy section */
		1054E6822E3AC532006FBACF /* PBXContainerItemProxy */ = {
			isa = PBXContainerItemProxy;
			containerPortal = 1054E6652E3AC530006FBACF /* Project object */;
			proxyType = 1;
			remoteGlobalIDString = 1054E66C2E3AC530006FBACF;
			remoteInfo = FitBite;
		};
		1054E68C2E3AC532006FBACF /* PBXContainerItemProxy */ = {
			isa = PBXContainerItemProxy;
			containerPortal = 1054E6652E3AC530006FBACF /* Project object */;
			proxyType = 1;
			remoteGlobalIDString = 1054E66C2E3AC530006FBACF;
			remoteInfo = FitBite;
		};
/* End PBXContainerItemProxy section */

/* Begin PBXFileReference section */
		1054E66D2E3AC530006FBACF /* FitBite.app */ = {isa = PBXFileReference; explicitFileType = wrapper.application; includeInIndex = 0; path = FitBite.app; sourceTree = BUILT_PRODUCTS_DIR; };
		1054E6812E3AC532006FBACF /* FitBiteTests.xctest */ = {isa = PBXFileReference; explicitFileType = wrapper.cfbundle; includeInIndex = 0; path = FitBiteTests.xctest; sourceTree = BUILT_PRODUCTS_DIR; };
		1054E68B2E3AC532006FBACF /* FitBiteUITests.xctest */ = {isa = PBXFileReference; explicitFileType = wrapper.cfbundle; includeInIndex = 0; path = FitBiteUITests.xctest; sourceTree = BUILT_PRODUCTS_DIR; };
		1054E69F2E3AC5D5006FBACF /* CalorieTrackerApp.swift */ = {isa = PBXFileReference; lastKnownFileType = sourcecode.swift; path = CalorieTrackerApp.swift; sourceTree = "<group>"; };
/* End PBXFileReference section */

/* Begin PBXFileSystemSynchronizedBuildFileExceptionSet section */
		1054E6932E3AC532006FBACF /* Exceptions for "FitBite" folder in "FitBite" target */ = {
			isa = PBXFileSystemSynchronizedBuildFileExceptionSet;
			membershipExceptions = (
				Info.plist,
			);
			target = 1054E66C2E3AC530006FBACF /* FitBite */;
		};
/* End PBXFileSystemSynchronizedBuildFileExceptionSet section */

/* Begin PBXFileSystemSynchronizedRootGroup section */
		1054E66F2E3AC530006FBACF /* FitBite */ = {
			isa = PBXFileSystemSynchronizedRootGroup;
			exceptions = (
				1054E6932E3AC532006FBACF /* Exceptions for "FitBite" folder in "FitBite" target */,
			);
			path = FitBite;
			sourceTree = "<group>";
		};
		1054E6842E3AC532006FBACF /* FitBiteTests */ = {
			isa = PBXFileSystemSynchronizedRootGroup;
			path = FitBiteTests;
			sourceTree = "<group>";
		};
		1054E68E2E3AC532006FBACF /* FitBiteUITests */ = {
			isa = PBXFileSystemSynchronizedRootGroup;
			path = FitBiteUITests;
			sourceTree = "<group>";
		};
/* End PBXFileSystemSynchronizedRootGroup section */

/* Begin PBXFrameworksBuildPhase section */
		1054E66A2E3AC530006FBACF /* Frameworks */ = {
			isa = PBXFrameworksBuildPhase;
			buildActionMask = 2147483647;
			files = (
			);
			runOnlyForDeploymentPostprocessing = 0;
		};
		1054E67E2E3AC532006FBACF /* Frameworks */ = {
			isa = PBXFrameworksBuildPhase;
			buildActionMask = 2147483647;
			files = (
			);
			runOnlyForDeploymentPostprocessing = 0;
		};
		1054E6882E3AC532006FBACF /* Frameworks */ = {
			isa = PBXFrameworksBuildPhase;
			buildActionMask = 2147483647;
			files = (
			);
			runOnlyForDeploymentPostprocessing = 0;
		};
/* End PBXFrameworksBuildPhase section */

/* Begin PBXGroup section */
		1054E6642E3AC530006FBACF = {
			isa = PBXGroup;
			children = (
				1054E69F2E3AC5D5006FBACF /* CalorieTrackerApp.swift */,
				1054E66F2E3AC530006FBACF /* FitBite */,
				1054E6842E3AC532006FBACF /* FitBiteTests */,
				1054E68E2E3AC532006FBACF /* FitBiteUITests */,
				1054E66E2E3AC530006FBACF /* Products */,
			);
			sourceTree = "<group>";
		};
		1054E66E2E3AC530006FBACF /* Products */ = {
			isa = PBXGroup;
			children = (
				1054E66D2E3AC530006FBACF /* FitBite.app */,
				1054E6812E3AC532006FBACF /* FitBiteTests.xctest */,
				1054E68B2E3AC532006FBACF /* FitBiteUITests.xctest */,
			);
			name = Products;
			sourceTree = "<group>";
		};
/* End PBXGroup section */

/* Begin PBXNativeTarget section */
		1054E66C2E3AC530006FBACF /* FitBite */ = {
			isa = PBXNativeTarget;
			buildConfigurationList = 1054E6942E3AC532006FBACF /* Build configuration list for PBXNativeTarget "FitBite" */;
			buildPhases = (
				1054E6692E3AC530006FBACF /* Sources */,
				1054E66A2E3AC530006FBACF /* Frameworks */,
				1054E66B2E3AC530006FBACF /* Resources */,
			);
			buildRules = (
			);
			dependencies = (
			);
			fileSystemSynchronizedGroups = (
				1054E66F2E3AC530006FBACF /* FitBite */,
			);
			name = FitBite;
			packageProductDependencies = (
			);
			productName = FitBite;
			productReference = 1054E66D2E3AC530006FBACF /* FitBite.app */;
			productType = "com.apple.product-type.application";
		};
		1054E6802E3AC532006FBACF /* FitBiteTests */ = {
			isa = PBXNativeTarget;
			buildConfigurationList = 1054E6992E3AC532006FBACF /* Build configuration list for PBXNativeTarget "FitBiteTests" */;
			buildPhases = (
				1054E67D2E3AC532006FBACF /* Sources */,
				1054E67E2E3AC532006FBACF /* Frameworks */,
				1054E67F2E3AC532006FBACF /* Resources */,
			);
			buildRules = (
			);
			dependencies = (
				1054E6832E3AC532006FBACF /* PBXTargetDependency */,
			);
			fileSystemSynchronizedGroups = (
				1054E6842E3AC532006FBACF /* FitBiteTests */,
			);
			name = FitBiteTests;
			packageProductDependencies = (
			);
			productName = FitBiteTests;
			productReference = 1054E6812E3AC532006FBACF /* FitBiteTests.xctest */;
			productType = "com.apple.product-type.bundle.unit-test";
		};
		1054E68A2E3AC532006FBACF /* FitBiteUITests */ = {
			isa = PBXNativeTarget;
			buildConfigurationList = 1054E69C2E3AC532006FBACF /* Build configuration list for PBXNativeTarget "FitBiteUITests" */;
			buildPhases = (
				1054E6872E3AC532006FBACF /* Sources */,
				1054E6882E3AC532006FBACF /* Frameworks */,
				1054E6892E3AC532006FBACF /* Resources */,
			);
			buildRules = (
			);
			dependencies = (
				1054E68D2E3AC532006FBACF /* PBXTargetDependency */,
			);
			fileSystemSynchronizedGroups = (
				1054E68E2E3AC532006FBACF /* FitBiteUITests */,
			);
			name = FitBiteUITests;
			packageProductDependencies = (
			);
			productName = FitBiteUITests;
			productReference = 1054E68B2E3AC532006FBACF /* FitBiteUITests.xctest */;
			productType = "com.apple.product-type.bundle.ui-testing";
		};
/* End PBXNativeTarget section */

/* Begin PBXProject section */
		1054E6652E3AC530006FBACF /* Project object */ = {
			isa = PBXProject;
			attributes = {
				BuildIndependentTargetsInParallel = 1;
				LastSwiftUpdateCheck = 1600;
				LastUpgradeCheck = 1600;
				TargetAttributes = {
					1054E66C2E3AC530006FBACF = {
						CreatedOnToolsVersion = 16.0;
					};
					1054E6802E3AC532006FBACF = {
						CreatedOnToolsVersion = 16.0;
						TestTargetID = 1054E66C2E3AC530006FBACF;
					};
					1054E68A2E3AC532006FBACF = {
						CreatedOnToolsVersion = 16.0;
						TestTargetID = 1054E66C2E3AC530006FBACF;
					};
				};
			};
			buildConfigurationList = 1054E6682E3AC530006FBACF /* Build configuration list for PBXProject "FitBite" */;
			developmentRegion = en;
			hasScannedForEncodings = 0;
			knownRegions = (
				en,
				Base,
			);
			mainGroup = 1054E6642E3AC530006FBACF;
			minimizedProjectReferenceProxies = 1;
			preferredProjectObjectVersion = 77;
			productRefGroup = 1054E66E2E3AC530006FBACF /* Products */;
			projectDirPath = "";
			projectRoot = "";
			targets = (
				1054E66C2E3AC530006FBACF /* FitBite */,
				1054E6802E3AC532006FBACF /* FitBiteTests */,
				1054E68A2E3AC532006FBACF /* FitBiteUITests */,
			);
		};
/* End PBXProject section */

/* Begin PBXResourcesBuildPhase section */
		1054E66B2E3AC530006FBACF /* Resources */ = {
			isa = PBXResourcesBuildPhase;
			buildActionMask = 2147483647;
			files = (
			);
			runOnlyForDeploymentPostprocessing = 0;
		};
		1054E67F2E3AC532006FBACF /* Resources */ = {
			isa = PBXResourcesBuildPhase;
			buildActionMask = 2147483647;
			files = (
			);
			runOnlyForDeploymentPostprocessing = 0;
		};
		1054E6892E3AC532006FBACF /* Resources */ = {
			isa = PBXResourcesBuildPhase;
			buildActionMask = 2147483647;
			files = (
			);
			runOnlyForDeploymentPostprocessing = 0;
		};
/* End PBXResourcesBuildPhase section */

/* Begin PBXSourcesBuildPhase section */
		1054E6692E3AC530006FBACF /* Sources */ = {
			isa = PBXSourcesBuildPhase;
			buildActionMask = 2147483647;
			files = (
				1054E6A02E3AC5E2006FBACF /* CalorieTrackerApp.swift in Sources */,
			);
			runOnlyForDeploymentPostprocessing = 0;
		};
		1054E67D2E3AC532006FBACF /* Sources */ = {
			isa = PBXSourcesBuildPhase;
			buildActionMask = 2147483647;
			files = (
			);
			runOnlyForDeploymentPostprocessing = 0;
		};
		1054E6872E3AC532006FBACF /* Sources */ = {
			isa = PBXSourcesBuildPhase;
			buildActionMask = 2147483647;
			files = (
			);
			runOnlyForDeploymentPostprocessing = 0;
		};
/* End PBXSourcesBuildPhase section */

/* Begin PBXTargetDependency section */
		1054E6832E3AC532006FBACF /* PBXTargetDependency */ = {
			isa = PBXTargetDependency;
			target = 1054E66C2E3AC530006FBACF /* FitBite */;
			targetProxy = 1054E6822E3AC532006FBACF /* PBXContainerItemProxy */;
		};
		1054E68D2E3AC532006FBACF /* PBXTargetDependency */ = {
			isa = PBXTargetDependency;
			target = 1054E66C2E3AC530006FBACF /* FitBite */;
			targetProxy = 1054E68C2E3AC532006FBACF /* PBXContainerItemProxy */;
		};
/* End PBXTargetDependency section */

/* Begin XCBuildConfiguration section */
		1054E6952E3AC532006FBACF /* Debug */ = {
			isa = XCBuildConfiguration;
			buildSettings = {
				ASSETCATALOG_COMPILER_APPICON_NAME = AppIcon;
				ASSETCATALOG_COMPILER_GLOBAL_ACCENT_COLOR_NAME = AccentColor;
				CODE_SIGN_ENTITLEMENTS = FitBite/FitBite.entitlements;
				CODE_SIGN_STYLE = Automatic;
				CURRENT_PROJECT_VERSION = 1;
				DEVELOPMENT_ASSET_PATHS = "\"FitBite/Preview Content\"";
				DEVELOPMENT_TEAM = 6BQ4Q6RSTC;
				ENABLE_PREVIEWS = YES;
				GENERATE_INFOPLIST_FILE = YES;
				INFOPLIST_FILE = FitBite/Info.plist;
				INFOPLIST_KEY_NSCameraUsageDescription = "We use the camera to scan food barcodes.";
				INFOPLIST_KEY_UIApplicationSceneManifest_Generation = YES;
				INFOPLIST_KEY_UIApplicationSupportsIndirectInputEvents = YES;
				INFOPLIST_KEY_UILaunchScreen_Generation = YES;
				INFOPLIST_KEY_UISupportedInterfaceOrientations_iPad = "UIInterfaceOrientationPortrait UIInterfaceOrientationPortraitUpsideDown UIInterfaceOrientationLandscapeLeft UIInterfaceOrientationLandscapeRight";
				INFOPLIST_KEY_UISupportedInterfaceOrientations_iPhone = "UIInterfaceOrientationPortrait UIInterfaceOrientationLandscapeLeft UIInterfaceOrientationLandscapeRight";
				LD_RUNPATH_SEARCH_PATHS = (
					"$(inherited)",
					"@executable_path/Frameworks",
				);
				MARKETING_VERSION = 1.0;
				PRODUCT_BUNDLE_IDENTIFIER = com.ciaran.FitBite;
				PRODUCT_NAME = "$(TARGET_NAME)";
				SWIFT_EMIT_LOC_STRINGS = YES;
				SWIFT_VERSION = 5.0;
				TARGETED_DEVICE_FAMILY = "1,2";
			};
			name = Debug;
		};
		1054E6962E3AC532006FBACF /* Release */ = {
			isa = XCBuildConfiguration;
			buildSettings = {
				ASSETCATALOG_COMPILER_APPICON_NAME = AppIcon;
				ASSETCATALOG_COMPILER_GLOBAL_ACCENT_COLOR_NAME = AccentColor;
				CODE_SIGN_ENTITLEMENTS = FitBite/FitBite.entitlements;
				CODE_SIGN_STYLE = Automatic;
				CURRENT_PROJECT_VERSION = 1;
				DEVELOPMENT_ASSET_PATHS = "\"FitBite/Preview Content\"";
				DEVELOPMENT_TEAM = 6BQ4Q6RSTC;
				ENABLE_PREVIEWS = YES;
				GENERATE_INFOPLIST_FILE = YES;
				INFOPLIST_FILE = FitBite/Info.plist;
				INFOPLIST_KEY_NSCameraUsageDescription = "We use the camera to scan food barcodes.";
				INFOPLIST_KEY_UIApplicationSceneManifest_Generation = YES;
				INFOPLIST_KEY_UIApplicationSupportsIndirectInputEvents = YES;
				INFOPLIST_KEY_UILaunchScreen_Generation = YES;
				INFOPLIST_KEY_UISupportedInterfaceOrientations_iPad = "UIInterfaceOrientationPortrait UIInterfaceOrientationPortraitUpsideDown UIInterfaceOrientationLandscapeLeft UIInterfaceOrientationLandscapeRight";
				INFOPLIST_KEY_UISupportedInterfaceOrientations_iPhone = "UIInterfaceOrientationPortrait UIInterfaceOrientationLandscapeLeft UIInterfaceOrientationLandscapeRight";
				LD_RUNPATH_SEARCH_PATHS = (
					"$(inherited)",
					"@executable_path/Frameworks",
				);
				MARKETING_VERSION = 1.0;
				PRODUCT_BUNDLE_IDENTIFIER = com.ciaran.FitBite;
				PRODUCT_NAME = "$(TARGET_NAME)";
				SWIFT_EMIT_LOC_STRINGS = YES;
				SWIFT_VERSION = 5.0;
				TARGETED_DEVICE_FAMILY = "1,2";
			};
			name = Release;
		};
		1054E6972E3AC532006FBACF /* Debug */ = {
			isa = XCBuildConfiguration;
			buildSettings = {
				ALWAYS_SEARCH_USER_PATHS = NO;
				ASSETCATALOG_COMPILER_GENERATE_SWIFT_ASSET_SYMBOL_EXTENSIONS = YES;
				CLANG_ANALYZER_NONNULL = YES;
				CLANG_ANALYZER_NUMBER_OBJECT_CONVERSION = YES_AGGRESSIVE;
				CLANG_CXX_LANGUAGE_STANDARD = "gnu++20";
				CLANG_ENABLE_MODULES = YES;
				CLANG_ENABLE_OBJC_ARC = YES;
				CLANG_ENABLE_OBJC_WEAK = YES;
				CLANG_WARN_BLOCK_CAPTURE_AUTORELEASING = YES;
				CLANG_WARN_BOOL_CONVERSION = YES;
				CLANG_WARN_COMMA = YES;
				CLANG_WARN_CONSTANT_CONVERSION = YES;
				CLANG_WARN_DEPRECATED_OBJC_IMPLEMENTATIONS = YES;
				CLANG_WARN_DIRECT_OBJC_ISA_USAGE = YES_ERROR;
				CLANG_WARN_DOCUMENTATION_COMMENTS = YES;
				CLANG_WARN_EMPTY_BODY = YES;
				CLANG_WARN_ENUM_CONVERSION = YES;
				CLANG_WARN_INFINITE_RECURSION = YES;
				CLANG_WARN_INT_CONVERSION = YES;
				CLANG_WARN_NON_LITERAL_NULL_CONVERSION = YES;
				CLANG_WARN_OBJC_IMPLICIT_RETAIN_SELF = YES;
				CLANG_WARN_OBJC_LITERAL_CONVERSION = YES;
				CLANG_WARN_OBJC_ROOT_CLASS = YES_ERROR;
				CLANG_WARN_QUOTED_INCLUDE_IN_FRAMEWORK_HEADER = YES;
				CLANG_WARN_RANGE_LOOP_ANALYSIS = YES;
				CLANG_WARN_STRICT_PROTOTYPES = YES;
				CLANG_WARN_SUSPICIOUS_MOVE = YES;
				CLANG_WARN_UNGUARDED_AVAILABILITY = YES_AGGRESSIVE;
				CLANG_WARN_UNREACHABLE_CODE = YES;
				CLANG_WARN__DUPLICATE_METHOD_MATCH = YES;
				COPY_PHASE_STRIP = NO;
				DEBUG_INFORMATION_FORMAT = dwarf;
				ENABLE_STRICT_OBJC_MSGSEND = YES;
				ENABLE_TESTABILITY = YES;
				ENABLE_USER_SCRIPT_SANDBOXING = YES;
				GCC_C_LANGUAGE_STANDARD = gnu17;
				GCC_DYNAMIC_NO_PIC = NO;
				GCC_NO_COMMON_BLOCKS = YES;
				GCC_OPTIMIZATION_LEVEL = 0;
				GCC_PREPROCESSOR_DEFINITIONS = (
					"DEBUG=1",
					"$(inherited)",
				);
				GCC_WARN_64_TO_32_BIT_CONVERSION = YES;
				GCC_WARN_ABOUT_RETURN_TYPE = YES_ERROR;
				GCC_WARN_UNDECLARED_SELECTOR = YES;
				GCC_WARN_UNINITIALIZED_AUTOS = YES_AGGRESSIVE;
				GCC_WARN_UNUSED_FUNCTION = YES;
				GCC_WARN_UNUSED_VARIABLE = YES;
				IPHONEOS_DEPLOYMENT_TARGET = 18.0;
				LOCALIZATION_PREFERS_STRING_CATALOGS = YES;
				MTL_ENABLE_DEBUG_INFO = INCLUDE_SOURCE;
				MTL_FAST_MATH = YES;
				ONLY_ACTIVE_ARCH = YES;
				SDKROOT = iphoneos;
				SWIFT_ACTIVE_COMPILATION_CONDITIONS = "DEBUG $(inherited)";
				SWIFT_OPTIMIZATION_LEVEL = "-Onone";
			};
			name = Debug;
		};
		1054E6982E3AC532006FBACF /* Release */ = {
			isa = XCBuildConfiguration;
			buildSettings = {
				ALWAYS_SEARCH_USER_PATHS = NO;
				ASSETCATALOG_COMPILER_GENERATE_SWIFT_ASSET_SYMBOL_EXTENSIONS = YES;
				CLANG_ANALYZER_NONNULL = YES;
				CLANG_ANALYZER_NUMBER_OBJECT_CONVERSION = YES_AGGRESSIVE;
				CLANG_CXX_LANGUAGE_STANDARD = "gnu++20";
				CLANG_ENABLE_MODULES = YES;
				CLANG_ENABLE_OBJC_ARC = YES;
				CLANG_ENABLE_OBJC_WEAK = YES;
				CLANG_WARN_BLOCK_CAPTURE_AUTORELEASING = YES;
				CLANG_WARN_BOOL_CONVERSION = YES;
				CLANG_WARN_COMMA = YES;
				CLANG_WARN_CONSTANT_CONVERSION = YES;
				CLANG_WARN_DEPRECATED_OBJC_IMPLEMENTATIONS = YES;
				CLANG_WARN_DIRECT_OBJC_ISA_USAGE = YES_ERROR;
				CLANG_WARN_DOCUMENTATION_COMMENTS = YES;
				CLANG_WARN_EMPTY_BODY = YES;
				CLANG_WARN_ENUM_CONVERSION = YES;
				CLANG_WARN_INFINITE_RECURSION = YES;
				CLANG_WARN_INT_CONVERSION = YES;
				CLANG_WARN_NON_LITERAL_NULL_CONVERSION = YES;
				CLANG_WARN_OBJC_IMPLICIT_RETAIN_SELF = YES;
				CLANG_WARN_OBJC_LITERAL_CONVERSION = YES;
				CLANG_WARN_OBJC_ROOT_CLASS = YES_ERROR;
				CLANG_WARN_QUOTED_INCLUDE_IN_FRAMEWORK_HEADER = YES;
				CLANG_WARN_RANGE_LOOP_ANALYSIS = YES;
				CLANG_WARN_STRICT_PROTOTYPES = YES;
				CLANG_WARN_SUSPICIOUS_MOVE = YES;
				CLANG_WARN_UNGUARDED_AVAILABILITY = YES_AGGRESSIVE;
				CLANG_WARN_UNREACHABLE_CODE = YES;
				CLANG_WARN__DUPLICATE_METHOD_MATCH = YES;
				COPY_PHASE_STRIP = NO;
				DEBUG_INFORMATION_FORMAT = "dwarf-with-dsym";
				ENABLE_NS_ASSERTIONS = NO;
				ENABLE_STRICT_OBJC_MSGSEND = YES;
				ENABLE_USER_SCRIPT_SANDBOXING = YES;
				GCC_C_LANGUAGE_STANDARD = gnu17;
				GCC_NO_COMMON_BLOCKS = YES;
				GCC_WARN_64_TO_32_BIT_CONVERSION = YES;
				GCC_WARN_ABOUT_RETURN_TYPE = YES_ERROR;
				GCC_WARN_UNDECLARED_SELECTOR = YES;
				GCC_WARN_UNINITIALIZED_AUTOS = YES_AGGRESSIVE;
				GCC_WARN_UNUSED_FUNCTION = YES;
				GCC_WARN_UNUSED_VARIABLE = YES;
				IPHONEOS_DEPLOYMENT_TARGET = 18.0;
				LOCALIZATION_PREFERS_STRING_CATALOGS = YES;
				MTL_ENABLE_DEBUG_INFO = NO;
				MTL_FAST_MATH = YES;
				SDKROOT = iphoneos;
				SWIFT_COMPILATION_MODE = wholemodule;
				VALIDATE_PRODUCT = YES;
			};
			name = Release;
		};
		1054E69A2E3AC532006FBACF /* Debug */ = {
			isa = XCBuildConfiguration;
			buildSettings = {
				BUNDLE_LOADER = "$(TEST_HOST)";
				CODE_SIGN_STYLE = Automatic;
				CURRENT_PROJECT_VERSION = 1;
				DEVELOPMENT_TEAM = 6BQ4Q6RSTC;
				GENERATE_INFOPLIST_FILE = YES;
				IPHONEOS_DEPLOYMENT_TARGET = 18.0;
				MARKETING_VERSION = 1.0;
				PRODUCT_BUNDLE_IDENTIFIER = com.ciaran.FitBiteTests;
				PRODUCT_NAME = "$(TARGET_NAME)";
				SWIFT_EMIT_LOC_STRINGS = NO;
				SWIFT_VERSION = 5.0;
				TARGETED_DEVICE_FAMILY = "1,2";
				TEST_HOST = "$(BUILT_PRODUCTS_DIR)/FitBite.app/$(BUNDLE_EXECUTABLE_FOLDER_PATH)/FitBite";
			};
			name = Debug;
		};
		1054E69B2E3AC532006FBACF /* Release */ = {
			isa = XCBuildConfiguration;
			buildSettings = {
				BUNDLE_LOADER = "$(TEST_HOST)";
				CODE_SIGN_STYLE = Automatic;
				CURRENT_PROJECT_VERSION = 1;
				DEVELOPMENT_TEAM = 6BQ4Q6RSTC;
				GENERATE_INFOPLIST_FILE = YES;
				IPHONEOS_DEPLOYMENT_TARGET = 18.0;
				MARKETING_VERSION = 1.0;
				PRODUCT_BUNDLE_IDENTIFIER = com.ciaran.FitBiteTests;
				PRODUCT_NAME = "$(TARGET_NAME)";
				SWIFT_EMIT_LOC_STRINGS = NO;
				SWIFT_VERSION = 5.0;
				TARGETED_DEVICE_FAMILY = "1,2";
				TEST_HOST = "$(BUILT_PRODUCTS_DIR)/FitBite.app/$(BUNDLE_EXECUTABLE_FOLDER_PATH)/FitBite";
			};
			name = Release;
		};
		1054E69D2E3AC532006FBACF /* Debug */ = {
			isa = XCBuildConfiguration;
			buildSettings = {
				CODE_SIGN_STYLE = Automatic;
				CURRENT_PROJECT_VERSION = 1;
				DEVELOPMENT_TEAM = 6BQ4Q6RSTC;
				GENERATE_INFOPLIST_FILE = YES;
				MARKETING_VERSION = 1.0;
				PRODUCT_BUNDLE_IDENTIFIER = com.ciaran.FitBiteUITests;
				PRODUCT_NAME = "$(TARGET_NAME)";
				SWIFT_EMIT_LOC_STRINGS = NO;
				SWIFT_VERSION = 5.0;
				TARGETED_DEVICE_FAMILY = "1,2";
				TEST_TARGET_NAME = FitBite;
			};
			name = Debug;
		};
		1054E69E2E3AC532006FBACF /* Release */ = {
			isa = XCBuildConfiguration;
			buildSettings = {
				CODE_SIGN_STYLE = Automatic;
				CURRENT_PROJECT_VERSION = 1;
				DEVELOPMENT_TEAM = 6BQ4Q6RSTC;
				GENERATE_INFOPLIST_FILE = YES;
				MARKETING_VERSION = 1.0;
				PRODUCT_BUNDLE_IDENTIFIER = com.ciaran.FitBiteUITests;
				PRODUCT_NAME = "$(TARGET_NAME)";
				SWIFT_EMIT_LOC_STRINGS = NO;
				SWIFT_VERSION = 5.0;
				TARGETED_DEVICE_FAMILY = "1,2";
				TEST_TARGET_NAME = FitBite;
			};
			name = Release;
		};
/* End XCBuildConfiguration section */

/* Begin XCConfigurationList section */
		1054E6682E3AC530006FBACF /* Build configuration list for PBXProject "FitBite" */ = {
			isa = XCConfigurationList;
			buildConfigurations = (
				1054E6972E3AC532006FBACF /* Debug */,
				1054E6982E3AC532006FBACF /* Release */,
			);
			defaultConfigurationIsVisible = 0;
			defaultConfigurationName = Release;
		};
		1054E6942E3AC532006FBACF /* Build configuration list for PBXNativeTarget "FitBite" */ = {
			isa = XCConfigurationList;
			buildConfigurations = (
				1054E6952E3AC532006FBACF /* Debug */,
				1054E6962E3AC532006FBACF /* Release */,
			);
			defaultConfigurationIsVisible = 0;
			defaultConfigurationName = Release;
		};
		1054E6992E3AC532006FBACF /* Build configuration list for PBXNativeTarget "FitBiteTests" */ = {
			isa = XCConfigurationList;
			buildConfigurations = (
				1054E69A2E3AC532006FBACF /* Debug */,
				1054E69B2E3AC532006FBACF /* Release */,
			);
			defaultConfigurationIsVisible = 0;
			defaultConfigurationName = Release;
		};
		1054E69C2E3AC532006FBACF /* Build configuration list for PBXNativeTarget "FitBiteUITests" */ = {
			isa = XCConfigurationList;
			buildConfigurations = (
				1054E69D2E3AC532006FBACF /* Debug */,
				1054E69E2E3AC532006FBACF /* Release */,
			);
			defaultConfigurationIsVisible = 0;
			defaultConfigurationName = Release;
		};
/* End XCConfigurationList section */
	};
	rootObject = 1054E6652E3AC530006FBACF /* Project object */;
}
